
Microsoft Visual Studio Solution File, Format Version 12.00
# Visual Studio Version 16
VisualStudioVersion = 16.0.31129.286
MinimumVisualStudioVersion = 15.0.26124.0
Project("{9A19103F-16F7-4668-BE54-9A1E7A4F7556}") = "OptionMonad", "OptionMonad\OptionMonad.csproj", "{C2715993-490A-4318-985C-6D28D24D9E74}"
EndProject
Project("{9A19103F-16F7-4668-BE54-9A1E7A4F7556}") = "OptionMonad.Tests", "OptionMonad.Tests\OptionMonad.Tests.csproj", "{017BDB8F-1E24-4696-B207-2E1EE552AAF5}"
EndProject
Global
	GlobalSection(SolutionConfigurationPlatforms) = preSolution
		Debug|Any CPU = Debug|Any CPU
		Debug|x64 = Debug|x64
		Debug|x86 = Debug|x86
		Release|Any CPU = Release|Any CPU
		Release|x64 = Release|x64
		Release|x86 = Release|x86
	EndGlobalSection
	GlobalSection(ProjectConfigurationPlatforms) = postSolution
		{C2715993-490A-4318-985C-6D28D24D9E74}.Debug|Any CPU.ActiveCfg = Debug|Any CPU
		{C2715993-490A-4318-985C-6D28D24D9E74}.Debug|Any CPU.Build.0 = Debug|Any CPU
		{C2715993-490A-4318-985C-6D28D24D9E74}.Debug|x64.ActiveCfg = Debug|Any CPU
		{C2715993-490A-4318-985C-6D28D24D9E74}.Debug|x64.Build.0 = Debug|Any CPU
		{C2715993-490A-4318-985C-6D28D24D9E74}.Debug|x86.ActiveCfg = Debug|Any CPU
		{C2715993-490A-4318-985C-6D28D24D9E74}.Debug|x86.Build.0 = Debug|Any CPU
		{C2715993-490A-4318-985C-6D28D24D9E74}.Release|Any CPU.ActiveCfg = Release|Any CPU
		{C2715993-490A-4318-985C-6D28D24D9E74}.Release|Any CPU.Build.0 = Release|Any CPU
		{C2715993-490A-4318-985C-6D28D24D9E74}.Release|x64.ActiveCfg = Release|Any CPU
		{C2715993-490A-4318-985C-6D28D24D9E74}.Release|x64.Build.0 = Release|Any CPU
		{C2715993-490A-4318-985C-6D28D24D9E74}.Release|x86.ActiveCfg = Release|Any CPU
		{C2715993-490A-4318-985C-6D28D24D9E74}.Release|x86.Build.0 = Release|Any CPU
		{017BDB8F-1E24-4696-B207-2E1EE552AAF5}.Debug|Any CPU.ActiveCfg = Debug|Any CPU
		{017BDB8F-1E24-4696-B207-2E1EE552AAF5}.Debug|Any CPU.Build.0 = Debug|Any CPU
		{017BDB8F-1E24-4696-B207-2E1EE552AAF5}.Debug|x64.ActiveCfg = Debug|Any CPU
		{017BDB8F-1E24-4696-B207-2E1EE552AAF5}.Debug|x64.Build.0 = Debug|Any CPU
		{017BDB8F-1E24-4696-B207-2E1EE552AAF5}.Debug|x86.ActiveCfg = Debug|Any CPU
		{017BDB8F-1E24-4696-B207-2E1EE552AAF5}.Debug|x86.Build.0 = Debug|Any CPU
		{017BDB8F-1E24-4696-B207-2E1EE552AAF5}.Release|Any CPU.ActiveCfg = Release|Any CPU
		{017BDB8F-1E24-4696-B207-2E1EE552AAF5}.Release|x64.ActiveCfg = Release|Any CPU
		{017BDB8F-1E24-4696-B207-2E1EE552AAF5}.Release|x64.Build.0 = Release|Any CPU
		{017BDB8F-1E24-4696-B207-2E1EE552AAF5}.Release|x86.ActiveCfg = Release|Any CPU
		{017BDB8F-1E24-4696-B207-2E1EE552AAF5}.Release|x86.Build.0 = Release|Any CPU
	EndGlobalSection
	GlobalSection(SolutionProperties) = preSolution
		HideSolutionNode = FALSE
	EndGlobalSection
	GlobalSection(ExtensibilityGlobals) = postSolution
		SolutionGuid = {1DA39E9C-BE0D-411F-81C0-7D8927659648}
	EndGlobalSection
EndGlobal
